Microsoft Visual Studio Solution File, Format Version 12.00
# Visual Studio Version 17
VisualStudioVersion = 17.5.2.0
MinimumVisualStudioVersion = 10.0.40219.1
Project("{FAE04EC0-301F-11D3-BF4B-00C04F79EFBC}") = "Jornada", "Jornada.csproj", "{E3C68FAC-8982-4FC6-731E-A8CC43F5F379}"
EndProject
Global
	GlobalSection(SolutionConfigurationPlatforms) = preSolution
		Debug|Any CPU = Debug|Any CPU
		Release|Any CPU = Release|Any CPU
	EndGlobalSection
	GlobalSection(ProjectConfigurationPlatforms) = postSolution
		{E3C68FAC-8982-4FC6-731E-A8CC43F5F379}.Debug|Any CPU.ActiveCfg = Debug|Any CPU
		{E3C68FAC-8982-4FC6-731E-A8CC43F5F379}.Debug|Any CPU.Build.0 = Debug|Any CPU
		{E3C68FAC-8982-4FC6-731E-A8CC43F5F379}.Release|Any CPU.ActiveCfg = Release|Any CPU
		{E3C68FAC-8982-4FC6-731E-A8CC43F5F379}.Release|Any CPU.Build.0 = Release|Any CPU
	EndGlobalSection
	GlobalSection(SolutionProperties) = preSolution
		HideSolutionNode = FALSE
	EndGlobalSection
	GlobalSection(ExtensibilityGlobals) = postSolution
		SolutionGuid = {043348E8-B7EB-48CD-985F-C0791822278C}
	EndGlobalSection
EndGlobal
